// !$*UTF8*$!
{
	archiveVersion = 1;
	classes = {
	};
	objectVersion = 48;
	objects = {

/* Begin PBXBuildFile section */
		043E6C28215EFAA8008017CA /* known_for.swift in Sources */ = {isa = PBXBuildFile; fileRef = 043E6C27215EFAA8008017CA /* known_for.swift */; };
		043E6C2B215F0911008017CA /* HRToast+UIView.swift in Sources */ = {isa = PBXBuildFile; fileRef = 043E6C2A215F0911008017CA /* HRToast+UIView.swift */; };
		043E6C30215F09B9008017CA /* popularCell.swift in Sources */ = {isa = PBXBuildFile; fileRef = 043E6C2E215F09B9008017CA /* popularCell.swift */; };
		043E6C31215F09B9008017CA /* popularCell.xib in Resources */ = {isa = PBXBuildFile; fileRef = 043E6C2F215F09B9008017CA /* popularCell.xib */; };
		043E6C33215F0D38008017CA /* Extensions.swift in Sources */ = {isa = PBXBuildFile; fileRef = 043E6C32215F0D38008017CA /* Extensions.swift */; };
		043E6C35215F18E3008017CA /* iOSDevCenters+GIF.swift in Sources */ = {isa = PBXBuildFile; fileRef = 043E6C34215F18E3008017CA /* iOSDevCenters+GIF.swift */; };
		043E6C37215F1920008017CA /* LoadingView.swift in Sources */ = {isa = PBXBuildFile; fileRef = 043E6C36215F1920008017CA /* LoadingView.swift */; };
		043E6C39215F1D16008017CA /* LoadingView.xib in Resources */ = {isa = PBXBuildFile; fileRef = 043E6C38215F1D16008017CA /* LoadingView.xib */; };
		043E6C3B215F1DD3008017CA /* loading.gif in Resources */ = {isa = PBXBuildFile; fileRef = 043E6C3A215F1DD3008017CA /* loading.gif */; };
		047E6CC9215F245B00245AF9 /* loadFail.gif in Resources */ = {isa = PBXBuildFile; fileRef = 047E6CC8215F245A00245AF9 /* loadFail.gif */; };
		047E6CCB215F24FC00245AF9 /* NoNetView.swift in Sources */ = {isa = PBXBuildFile; fileRef = 047E6CCA215F24FC00245AF9 /* NoNetView.swift */; };
		047E6CCD215F250500245AF9 /* NoNetView.xib in Resources */ = {isa = PBXBuildFile; fileRef = 047E6CCC215F250500245AF9 /* NoNetView.xib */; };
		048A6E8821614E790031CB33 /* CollectionImgCell.swift in Sources */ = {isa = PBXBuildFile; fileRef = 048A6E8621614E790031CB33 /* CollectionImgCell.swift */; };
		048A6EB32161B54D0031CB33 /* CollectionImgCell.xib in Resources */ = {isa = PBXBuildFile; fileRef = 048A6EB22161B54D0031CB33 /* CollectionImgCell.xib */; };
		048A6EB52161BD150031CB33 /* PersonDetails.swift in Sources */ = {isa = PBXBuildFile; fileRef = 048A6EB42161BD150031CB33 /* PersonDetails.swift */; };
		048A6EB72161C0220031CB33 /* PopularDetailsVC.swift in Sources */ = {isa = PBXBuildFile; fileRef = 048A6EB62161C0220031CB33 /* PopularDetailsVC.swift */; };
		048A6EB92161C1F70031CB33 /* PersonImagesObject.swift in Sources */ = {isa = PBXBuildFile; fileRef = 048A6EB82161C1F70031CB33 /* PersonImagesObject.swift */; };
		049730E3215E3EC1005B4C61 /* AppDelegate.swift in Sources */ = {isa = PBXBuildFile; fileRef = 049730E2215E3EC1005B4C61 /* AppDelegate.swift */; };
		049730E5215E3EC1005B4C61 /* MainVC.swift in Sources */ = {isa = PBXBuildFile; fileRef = 049730E4215E3EC1005B4C61 /* MainVC.swift */; };
		049730E8215E3EC1005B4C61 /* Main.storyboard in Resources */ = {isa = PBXBuildFile; fileRef = 049730E6215E3EC1005B4C61 /* Main.storyboard */; };
		049730EA215E3EC1005B4C61 /* Assets.xcassets in Resources */ = {isa = PBXBuildFile; fileRef = 049730E9215E3EC1005B4C61 /* Assets.xcassets */; };
		049730ED215E3EC1005B4C61 /* LaunchScreen.storyboard in Resources */ = {isa = PBXBuildFile; fileRef = 049730EB215E3EC1005B4C61 /* LaunchScreen.storyboard */; };
		049730F6215EEE9A005B4C61 /* Reachability.swift in Sources */ = {isa = PBXBuildFile; fileRef = 049730F5215EEE9A005B4C61 /* Reachability.swift */; };
		049730FA215EEECF005B4C61 /* popularObject.swift in Sources */ = {isa = PBXBuildFile; fileRef = 049730F9215EEECF005B4C61 /* popularObject.swift */; };
		049730FC215EEF1A005B4C61 /* LibraryApi.swift in Sources */ = {isa = PBXBuildFile; fileRef = 049730FB215EEF1A005B4C61 /* LibraryApi.swift */; };
		A5F48374D94B63593B775D32 /* Pods_QitaahTask.framework in Frameworks */ = {isa = PBXBuildFile; fileRef = 20670DF4AE81E6F977628A11 /* Pods_QitaahTask.framework */; };
/* End PBXBuildFile section */

/* Begin PBXFileReference section */
		043E6C27215EFAA8008017CA /* known_for.swift */ = {isa = PBXFileReference; lastKnownFileType = sourcecode.swift; path = known_for.swift; sourceTree = "<group>"; };
		043E6C2A215F0911008017CA /* HRToast+UIView.swift */ = {isa = PBXFileReference; fileEncoding = 4; lastKnownFileType = sourcecode.swift; path = "HRToast+UIView.swift"; sourceTree = "<group>"; };
		043E6C2E215F09B9008017CA /* popularCell.swift */ = {isa = PBXFileReference; lastKnownFileType = sourcecode.swift; path = popularCell.swift; sourceTree = "<group>"; };
		043E6C2F215F09B9008017CA /* popularCell.xib */ = {isa = PBXFileReference; lastKnownFileType = file.xib; path = popularCell.xib; sourceTree = "<group>"; };
		043E6C32215F0D38008017CA /* Extensions.swift */ = {isa = PBXFileReference; lastKnownFileType = sourcecode.swift; path = Extensions.swift; sourceTree = "<group>"; };
		043E6C34215F18E3008017CA /* iOSDevCenters+GIF.swift */ = {isa = PBXFileReference; fileEncoding = 4; lastKnownFileType = sourcecode.swift; path = "iOSDevCenters+GIF.swift"; sourceTree = "<group>"; };
		043E6C36215F1920008017CA /* LoadingView.swift */ = {isa = PBXFileReference; lastKnownFileType = sourcecode.swift; path = LoadingView.swift; sourceTree = "<group>"; };
		043E6C38215F1D16008017CA /* LoadingView.xib */ = {isa = PBXFileReference; lastKnownFileType = file.xib; path = LoadingView.xib; sourceTree = "<group>"; };
		043E6C3A215F1DD3008017CA /* loading.gif */ = {isa = PBXFileReference; lastKnownFileType = image.gif; path = loading.gif; sourceTree = "<group>"; };
		047E6CC8215F245A00245AF9 /* loadFail.gif */ = {isa = PBXFileReference; lastKnownFileType = image.gif; path = loadFail.gif; sourceTree = "<group>"; };
		047E6CCA215F24FC00245AF9 /* NoNetView.swift */ = {isa = PBXFileReference; lastKnownFileType = sourcecode.swift; path = NoNetView.swift; sourceTree = "<group>"; };
		047E6CCC215F250500245AF9 /* NoNetView.xib */ = {isa = PBXFileReference; lastKnownFileType = file.xib; path = NoNetView.xib; sourceTree = "<group>"; };
		048A6E8621614E790031CB33 /* CollectionImgCell.swift */ = {isa = PBXFileReference; lastKnownFileType = sourcecode.swift; path = CollectionImgCell.swift; sourceTree = "<group>"; };
		048A6EB22161B54D0031CB33 /* CollectionImgCell.xib */ = {isa = PBXFileReference; fileEncoding = 4; lastKnownFileType = file.xib; path = CollectionImgCell.xib; sourceTree = "<group>"; };
		048A6EB42161BD150031CB33 /* PersonDetails.swift */ = {isa = PBXFileReference; lastKnownFileType = sourcecode.swift; path = PersonDetails.swift; sourceTree = "<group>"; };
		048A6EB62161C0220031CB33 /* PopularDetailsVC.swift */ = {isa = PBXFileReference; fileEncoding = 4; lastKnownFileType = sourcecode.swift; path = PopularDetailsVC.swift; sourceTree = "<group>"; };
		048A6EB82161C1F70031CB33 /* PersonImagesObject.swift */ = {isa = PBXFileReference; lastKnownFileType = sourcecode.swift; path = PersonImagesObject.swift; sourceTree = "<group>"; };
		049730DF215E3EC1005B4C61 /* QitaahTask.app */ = {isa = PBXFileReference; explicitFileType = wrapper.application; includeInIndex = 0; path = QitaahTask.app; sourceTree = BUILT_PRODUCTS_DIR; };
		049730E2215E3EC1005B4C61 /* AppDelegate.swift */ = {isa = PBXFileReference; lastKnownFileType = sourcecode.swift; path = AppDelegate.swift; sourceTree = "<group>"; };
		049730E4215E3EC1005B4C61 /* MainVC.swift */ = {isa = PBXFileReference; lastKnownFileType = sourcecode.swift; path = MainVC.swift; sourceTree = "<group>"; xcLanguageSpecificationIdentifier = xcode.lang.swift; };
		049730E7215E3EC1005B4C61 /* Base */ = {isa = PBXFileReference; lastKnownFileType = file.storyboard; name = Base; path = Base.lproj/Main.storyboard; sourceTree = "<group>"; };
		049730E9215E3EC1005B4C61 /* Assets.xcassets */ = {isa = PBXFileReference; lastKnownFileType = folder.assetcatalog; path = Assets.xcassets; sourceTree = "<group>"; };
		049730EC215E3EC1005B4C61 /* Base */ = {isa = PBXFileReference; lastKnownFileType = file.storyboard; name = Base; path = Base.lproj/LaunchScreen.storyboard; sourceTree = "<group>"; };
		049730EE215E3EC1005B4C61 /* Info.plist */ = {isa = PBXFileReference; lastKnownFileType = text.plist.xml; path = Info.plist; sourceTree = "<group>"; };
		049730F5215EEE9A005B4C61 /* Reachability.swift */ = {isa = PBXFileReference; fileEncoding = 4; lastKnownFileType = sourcecode.swift; path = Reachability.swift; sourceTree = "<group>"; };
		049730F9215EEECF005B4C61 /* popularObject.swift */ = {isa = PBXFileReference; lastKnownFileType = sourcecode.swift; path = popularObject.swift; sourceTree = "<group>"; };
		049730FB215EEF1A005B4C61 /* LibraryApi.swift */ = {isa = PBXFileReference; lastKnownFileType = sourcecode.swift; path = LibraryApi.swift; sourceTree = "<group>"; };
		0C3562AB9C9BB3D2CC8D86F9 /* Pods-QitaahTask.debug.xcconfig */ = {isa = PBXFileReference; includeInIndex = 1; lastKnownFileType = text.xcconfig; name = "Pods-QitaahTask.debug.xcconfig"; path = "Pods/Target Support Files/Pods-QitaahTask/Pods-QitaahTask.debug.xcconfig"; sourceTree = "<group>"; };
		20670DF4AE81E6F977628A11 /* Pods_QitaahTask.framework */ = {isa = PBXFileReference; explicitFileType = wrapper.framework; includeInIndex = 0; path = Pods_QitaahTask.framework; sourceTree = BUILT_PRODUCTS_DIR; };
		9D0209C8AEDC6727B799319A /* Pods-QitaahTask.release.xcconfig */ = {isa = PBXFileReference; includeInIndex = 1; lastKnownFileType = text.xcconfig; name = "Pods-QitaahTask.release.xcconfig"; path = "Pods/Target Support Files/Pods-QitaahTask/Pods-QitaahTask.release.xcconfig"; sourceTree = "<group>"; };
/* End PBXFileReference section */

/* Begin PBXFrameworksBuildPhase section */
		049730DC215E3EC1005B4C61 /* Frameworks */ = {
			isa = PBXFrameworksBuildPhase;
			buildActionMask = 2147483647;
			files = (
				A5F48374D94B63593B775D32 /* Pods_QitaahTask.framework in Frameworks */,
			);
			runOnlyForDeploymentPostprocessing = 0;
		};
/* End PBXFrameworksBuildPhase section */

/* Begin PBXGroup section */
		043E6C29215F0909008017CA /* extensions */ = {
			isa = PBXGroup;
			children = (
				043E6C34215F18E3008017CA /* iOSDevCenters+GIF.swift */,
				043E6C2A215F0911008017CA /* HRToast+UIView.swift */,
				043E6C32215F0D38008017CA /* Extensions.swift */,
			);
			name = extensions;
			sourceTree = "<group>";
		};
		043E6C2C215F098E008017CA /* view */ = {
			isa = PBXGroup;
			children = (
				049730EB215E3EC1005B4C61 /* LaunchScreen.storyboard */,
				049730E6215E3EC1005B4C61 /* Main.storyboard */,
				043E6C2E215F09B9008017CA /* popularCell.swift */,
				043E6C2F215F09B9008017CA /* popularCell.xib */,
				043E6C36215F1920008017CA /* LoadingView.swift */,
				043E6C38215F1D16008017CA /* LoadingView.xib */,
				047E6CCA215F24FC00245AF9 /* NoNetView.swift */,
				047E6CCC215F250500245AF9 /* NoNetView.xib */,
				048A6EB22161B54D0031CB33 /* CollectionImgCell.xib */,
				048A6E8621614E790031CB33 /* CollectionImgCell.swift */,
			);
			name = view;
			sourceTree = "<group>";
		};
		043E6C2D215F0994008017CA /* controller */ = {
			isa = PBXGroup;
			children = (
				048A6EB62161C0220031CB33 /* PopularDetailsVC.swift */,
				049730E4215E3EC1005B4C61 /* MainVC.swift */,
			);
			name = controller;
			sourceTree = "<group>";
		};
		048A6EBA2162290C0031CB33 /* Resources */ = {
			isa = PBXGroup;
			children = (
				047E6CC8215F245A00245AF9 /* loadFail.gif */,
				043E6C3A215F1DD3008017CA /* loading.gif */,
			);
			name = Resources;
			sourceTree = "<group>";
		};
		049730D6215E3EC1005B4C61 = {
			isa = PBXGroup;
			children = (
				049730E1215E3EC1005B4C61 /* QitaahTask */,
				049730E0215E3EC1005B4C61 /* Products */,
				D0EC639136CB8B6DBBEA7621 /* Pods */,
				F6F2BDD7B870C5EA55B3159C /* Frameworks */,
			);
			sourceTree = "<group>";
		};
		049730E0215E3EC1005B4C61 /* Products */ = {
			isa = PBXGroup;
			children = (
				049730DF215E3EC1005B4C61 /* QitaahTask.app */,
			);
			name = Products;
			sourceTree = "<group>";
		};
		049730E1215E3EC1005B4C61 /* QitaahTask */ = {
			isa = PBXGroup;
			children = (
				049730E2215E3EC1005B4C61 /* AppDelegate.swift */,
				048A6EBA2162290C0031CB33 /* Resources */,
				049730F4215EEE6C005B4C61 /* Model */,
				043E6C2C215F098E008017CA /* view */,
				043E6C2D215F0994008017CA /* controller */,
				043E6C29215F0909008017CA /* extensions */,
				049730E9215E3EC1005B4C61 /* Assets.xcassets */,
				049730EE215E3EC1005B4C61 /* Info.plist */,
			);
			path = QitaahTask;
			sourceTree = "<group>";
		};
		049730F4215EEE6C005B4C61 /* Model */ = {
			isa = PBXGroup;
			children = (
				049730F5215EEE9A005B4C61 /* Reachability.swift */,
				049730FB215EEF1A005B4C61 /* LibraryApi.swift */,
				049730F9215EEECF005B4C61 /* popularObject.swift */,
				043E6C27215EFAA8008017CA /* known_for.swift */,
				048A6EB42161BD150031CB33 /* PersonDetails.swift */,
				048A6EB82161C1F70031CB33 /* PersonImagesObject.swift */,
			);
			name = Model;
			sourceTree = "<group>";
		};
		D0EC639136CB8B6DBBEA7621 /* Pods */ = {
			isa = PBXGroup;
			children = (
				0C3562AB9C9BB3D2CC8D86F9 /* Pods-QitaahTask.debug.xcconfig */,
				9D0209C8AEDC6727B799319A /* Pods-QitaahTask.release.xcconfig */,
			);
			name = Pods;
			sourceTree = "<group>";
		};
		F6F2BDD7B870C5EA55B3159C /* Frameworks */ = {
			isa = PBXGroup;
			children = (
				20670DF4AE81E6F977628A11 /* Pods_QitaahTask.framework */,
			);
			name = Frameworks;
			sourceTree = "<group>";
		};
/* End PBXGroup section */

/* Begin PBXNativeTarget section */
		049730DE215E3EC1005B4C61 /* QitaahTask */ = {
			isa = PBXNativeTarget;
			buildConfigurationList = 049730F1215E3EC1005B4C61 /* Build configuration list for PBXNativeTarget "QitaahTask" */;
			buildPhases = (
				2E348D9AC2383664A2494101 /* [CP] Check Pods Manifest.lock */,
				049730DB215E3EC1005B4C61 /* Sources */,
				049730DC215E3EC1005B4C61 /* Frameworks */,
				049730DD215E3EC1005B4C61 /* Resources */,
				E14B08B58E2150E1BEEDFA18 /* [CP] Embed Pods Frameworks */,
				58021E60B0468F5D3E331145 /* [CP] Copy Pods Resources */,
			);
			buildRules = (
			);
			dependencies = (
			);
			name = QitaahTask;
			productName = QitaahTask;
			productReference = 049730DF215E3EC1005B4C61 /* QitaahTask.app */;
			productType = "com.apple.product-type.application";
		};
/* End PBXNativeTarget section */

/* Begin PBXProject section */
		049730D7215E3EC1005B4C61 /* Project object */ = {
			isa = PBXProject;
			attributes = {
				LastSwiftUpdateCheck = 0910;
				LastUpgradeCheck = 0910;
				ORGANIZATIONNAME = amany;
				TargetAttributes = {
					049730DE215E3EC1005B4C61 = {
						CreatedOnToolsVersion = 9.1;
						ProvisioningStyle = Automatic;
					};
				};
			};
			buildConfigurationList = 049730DA215E3EC1005B4C61 /* Build configuration list for PBXProject "QitaahTask" */;
			compatibilityVersion = "Xcode 8.0";
			developmentRegion = en;
			hasScannedForEncodings = 0;
			knownRegions = (
				en,
				Base,
			);
			mainGroup = 049730D6215E3EC1005B4C61;
			productRefGroup = 049730E0215E3EC1005B4C61 /* Products */;
			projectDirPath = "";
			projectRoot = "";
			targets = (
				049730DE215E3EC1005B4C61 /* QitaahTask */,
			);
		};
/* End PBXProject section */

/* Begin PBXResourcesBuildPhase section */
		049730DD215E3EC1005B4C61 /* Resources */ = {
			isa = PBXResourcesBuildPhase;
			buildActionMask = 2147483647;
			files = (
				049730ED215E3EC1005B4C61 /* LaunchScreen.storyboard in Resources */,
				049730EA215E3EC1005B4C61 /* Assets.xcassets in Resources */,
				047E6CC9215F245B00245AF9 /* loadFail.gif in Resources */,
				048A6EB32161B54D0031CB33 /* CollectionImgCell.xib in Resources */,
				049730E8215E3EC1005B4C61 /* Main.storyboard in Resources */,
				043E6C3B215F1DD3008017CA /* loading.gif in Resources */,
				047E6CCD215F250500245AF9 /* NoNetView.xib in Resources */,
				043E6C31215F09B9008017CA /* popularCell.xib in Resources */,
				043E6C39215F1D16008017CA /* LoadingView.xib in Resources */,
			);
			runOnlyForDeploymentPostprocessing = 0;
		};
/* End PBXResourcesBuildPhase section */

/* Begin PBXShellScriptBuildPhase section */
		2E348D9AC2383664A2494101 /* [CP] Check Pods Manifest.lock */ = {
			isa = PBXShellScriptBuildPhase;
			buildActionMask = 2147483647;
			files = (
			);
			inputPaths = (
				"${PODS_PODFILE_DIR_PATH}/Podfile.lock",
				"${PODS_ROOT}/Manifest.lock",
			);
			name = "[CP] Check Pods Manifest.lock";
			outputPaths = (
				"$(DERIVED_FILE_DIR)/Pods-QitaahTask-checkManifestLockResult.txt",
			);
			runOnlyForDeploymentPostprocessing = 0;
			shellPath = /bin/sh;
			shellScript = "diff \"${PODS_PODFILE_DIR_PATH}/Podfile.lock\" \"${PODS_ROOT}/Manifest.lock\" > /dev/null\nif [ $? != 0 ] ; then\n    # print error to STDERR\n    echo \"error: The sandbox is not in sync with the Podfile.lock. Run 'pod install' or update your CocoaPods installation.\" >&2\n    exit 1\nfi\n# This output is used by Xcode 'outputs' to avoid re-running this script phase.\necho \"SUCCESS\" > \"${SCRIPT_OUTPUT_FILE_0}\"\n";
			showEnvVarsInLog = 0;
		};
		58021E60B0468F5D3E331145 /* [CP] Copy Pods Resources */ = {
			isa = PBXShellScriptBuildPhase;
			buildActionMask = 2147483647;
			files = (
			);
			inputPaths = (
			);
			name = "[CP] Copy Pods Resources";
			outputPaths = (
			);
			runOnlyForDeploymentPostprocessing = 0;
			shellPath = /bin/sh;
			shellScript = "\"${SRCROOT}/Pods/Target Support Files/Pods-QitaahTask/Pods-QitaahTask-resources.sh\"\n";
			showEnvVarsInLog = 0;
		};
		E14B08B58E2150E1BEEDFA18 /* [CP] Embed Pods Frameworks */ = {
			isa = PBXShellScriptBuildPhase;
			buildActionMask = 2147483647;
			files = (
			);
			inputPaths = (
				"${SRCROOT}/Pods/Target Support Files/Pods-QitaahTask/Pods-QitaahTask-frameworks.sh",
				"${BUILT_PRODUCTS_DIR}/Alamofire/Alamofire.framework",
				"${BUILT_PRODUCTS_DIR}/AlamofireObjectMapper/AlamofireObjectMapper.framework",
				"${BUILT_PRODUCTS_DIR}/HanekeSwift/Haneke.framework",
				"${BUILT_PRODUCTS_DIR}/ImageSlideShowSwift/ImageSlideShowSwift.framework",
				"${BUILT_PRODUCTS_DIR}/ObjectMapper/ObjectMapper.framework",
				"${BUILT_PRODUCTS_DIR}/Toast-Swift/Toast_Swift.framework",
			);
			name = "[CP] Embed Pods Frameworks";
			outputPaths = (
				"${TARGET_BUILD_DIR}/${FRAMEWORKS_FOLDER_PATH}/Alamofire.framework",
				"${TARGET_BUILD_DIR}/${FRAMEWORKS_FOLDER_PATH}/AlamofireObjectMapper.framework",
				"${TARGET_BUILD_DIR}/${FRAMEWORKS_FOLDER_PATH}/Haneke.framework",
				"${TARGET_BUILD_DIR}/${FRAMEWORKS_FOLDER_PATH}/ImageSlideShowSwift.framework",
				"${TARGET_BUILD_DIR}/${FRAMEWORKS_FOLDER_PATH}/ObjectMapper.framework",
				"${TARGET_BUILD_DIR}/${FRAMEWORKS_FOLDER_PATH}/Toast_Swift.framework",
			);
			runOnlyForDeploymentPostprocessing = 0;
			shellPath = /bin/sh;
			shellScript = "\"${SRCROOT}/Pods/Target Support Files/Pods-QitaahTask/Pods-QitaahTask-frameworks.sh\"\n";
			showEnvVarsInLog = 0;
		};
/* End PBXShellScriptBuildPhase section */

/* Begin PBXSourcesBuildPhase section */
		049730DB215E3EC1005B4C61 /* Sources */ = {
			isa = PBXSourcesBuildPhase;
			buildActionMask = 2147483647;
			files = (
				049730FC215EEF1A005B4C61 /* LibraryApi.swift in Sources */,
				043E6C35215F18E3008017CA /* iOSDevCenters+GIF.swift in Sources */,
				043E6C33215F0D38008017CA /* Extensions.swift in Sources */,
				043E6C37215F1920008017CA /* LoadingView.swift in Sources */,
				043E6C28215EFAA8008017CA /* known_for.swift in Sources */,
				049730E5215E3EC1005B4C61 /* MainVC.swift in Sources */,
				049730E3215E3EC1005B4C61 /* AppDelegate.swift in Sources */,
				048A6EB92161C1F70031CB33 /* PersonImagesObject.swift in Sources */,
				049730F6215EEE9A005B4C61 /* Reachability.swift in Sources */,
				048A6EB52161BD150031CB33 /* PersonDetails.swift in Sources */,
				048A6EB72161C0220031CB33 /* PopularDetailsVC.swift in Sources */,
				048A6E8821614E790031CB33 /* CollectionImgCell.swift in Sources */,
				049730FA215EEECF005B4C61 /* popularObject.swift in Sources */,
				047E6CCB215F24FC00245AF9 /* NoNetView.swift in Sources */,
				043E6C2B215F0911008017CA /* HRToast+UIView.swift in Sources */,
				043E6C30215F09B9008017CA /* popularCell.swift in Sources */,
			);
			runOnlyForDeploymentPostprocessing = 0;
		};
/* End PBXSourcesBuildPhase section */

/* Begin PBXVariantGroup section */
		049730E6215E3EC1005B4C61 /* Main.storyboard */ = {
			isa = PBXVariantGroup;
			children = (
				049730E7215E3EC1005B4C61 /* Base */,
			);
			name = Main.storyboard;
			sourceTree = "<group>";
		};
		049730EB215E3EC1005B4C61 /* LaunchScreen.storyboard */ = {
			isa = PBXVariantGroup;
			children = (
				049730EC215E3EC1005B4C61 /* Base */,
			);
			name = LaunchScreen.storyboard;
			sourceTree = "<group>";
		};
/* End PBXVariantGroup section */

/* Begin XCBuildConfiguration section */
		049730EF215E3EC1005B4C61 /* Debug */ = {
			isa = XCBuildConfiguration;
			buildSettings = {
				ALWAYS_SEARCH_USER_PATHS = NO;
				CLANG_ANALYZER_NONNULL = YES;
				CLANG_ANALYZER_NUMBER_OBJECT_CONVERSION = YES_AGGRESSIVE;
				CLANG_CXX_LANGUAGE_STANDARD = "gnu++14";
				CLANG_CXX_LIBRARY = "libc++";
				CLANG_ENABLE_MODULES = YES;
				CLANG_ENABLE_OBJC_ARC = YES;
				CLANG_WARN_BLOCK_CAPTURE_AUTORELEASING = YES;
				CLANG_WARN_BOOL_CONVERSION = YES;
				CLANG_WARN_COMMA = YES;
				CLANG_WARN_CONSTANT_CONVERSION = YES;
				CLANG_WARN_DIRECT_OBJC_ISA_USAGE = YES_ERROR;
				CLANG_WARN_DOCUMENTATION_COMMENTS = YES;
				CLANG_WARN_EMPTY_BODY = YES;
				CLANG_WARN_ENUM_CONVERSION = YES;
				CLANG_WARN_INFINITE_RECURSION = YES;
				CLANG_WARN_INT_CONVERSION = YES;
				CLANG_WARN_NON_LITERAL_NULL_CONVERSION = YES;
				CLANG_WARN_OBJC_LITERAL_CONVERSION = YES;
				CLANG_WARN_OBJC_ROOT_CLASS = YES_ERROR;
				CLANG_WARN_RANGE_LOOP_ANALYSIS = YES;
				CLANG_WARN_STRICT_PROTOTYPES = YES;
				CLANG_WARN_SUSPICIOUS_MOVE = YES;
				CLANG_WARN_UNGUARDED_AVAILABILITY = YES_AGGRESSIVE;
				CLANG_WARN_UNREACHABLE_CODE = YES;
				CLANG_WARN__DUPLICATE_METHOD_MATCH = YES;
				CODE_SIGN_IDENTITY = "iPhone Developer";
				COPY_PHASE_STRIP = NO;
				DEBUG_INFORMATION_FORMAT = dwarf;
				ENABLE_STRICT_OBJC_MSGSEND = YES;
				ENABLE_TESTABILITY = YES;
				GCC_C_LANGUAGE_STANDARD = gnu11;
				GCC_DYNAMIC_NO_PIC = NO;
				GCC_NO_COMMON_BLOCKS = YES;
				GCC_OPTIMIZATION_LEVEL = 0;
				GCC_PREPROCESSOR_DEFINITIONS = (
					"DEBUG=1",
					"$(inherited)",
				);
				GCC_WARN_64_TO_32_BIT_CONVERSION = YES;
				GCC_WARN_ABOUT_RETURN_TYPE = YES_ERROR;
				GCC_WARN_UNDECLARED_SELECTOR = YES;
				GCC_WARN_UNINITIALIZED_AUTOS = YES_AGGRESSIVE;
				GCC_WARN_UNUSED_FUNCTION = YES;
				GCC_WARN_UNUSED_VARIABLE = YES;
				IPHONEOS_DEPLOYMENT_TARGET = 11.1;
				MTL_ENABLE_DEBUG_INFO = YES;
				ONLY_ACTIVE_ARCH = YES;
				SDKROOT = iphoneos;
				SWIFT_ACTIVE_COMPILATION_CONDITIONS = DEBUG;
				SWIFT_OPTIMIZATION_LEVEL = "-Onone";
			};
			name = Debug;
		};
		049730F0215E3EC1005B4C61 /* Release */ = {
			isa = XCBuildConfiguration;
			buildSettings = {
				ALWAYS_SEARCH_USER_PATHS = NO;
				CLANG_ANALYZER_NONNULL = YES;
				CLANG_ANALYZER_NUMBER_OBJECT_CONVERSION = YES_AGGRESSIVE;
				CLANG_CXX_LANGUAGE_STANDARD = "gnu++14";
				CLANG_CXX_LIBRARY = "libc++";
				CLANG_ENABLE_MODULES = YES;
				CLANG_ENABLE_OBJC_ARC = YES;
				CLANG_WARN_BLOCK_CAPTURE_AUTORELEASING = YES;
				CLANG_WARN_BOOL_CONVERSION = YES;
				CLANG_WARN_COMMA = YES;
				CLANG_WARN_CONSTANT_CONVERSION = YES;
				CLANG_WARN_DIRECT_OBJC_ISA_USAGE = YES_ERROR;
				CLANG_WARN_DOCUMENTATION_COMMENTS = YES;
				CLANG_WARN_EMPTY_BODY = YES;
				CLANG_WARN_ENUM_CONVERSION = YES;
				CLANG_WARN_INFINITE_RECURSION = YES;
				CLANG_WARN_INT_CONVERSION = YES;
				CLANG_WARN_NON_LITERAL_NULL_CONVERSION = YES;
				CLANG_WARN_OBJC_LITERAL_CONVERSION = YES;
				CLANG_WARN_OBJC_ROOT_CLASS = YES_ERROR;
				CLANG_WARN_RANGE_LOOP_ANALYSIS = YES;
				CLANG_WARN_STRICT_PROTOTYPES = YES;
				CLANG_WARN_SUSPICIOUS_MOVE = YES;
				CLANG_WARN_UNGUARDED_AVAILABILITY = YES_AGGRESSIVE;
				CLANG_WARN_UNREACHABLE_CODE = YES;
				CLANG_WARN__DUPLICATE_METHOD_MATCH = YES;
				CODE_SIGN_IDENTITY = "iPhone Developer";
				COPY_PHASE_STRIP = NO;
				DEBUG_INFORMATION_FORMAT = "dwarf-with-dsym";
				ENABLE_NS_ASSERTIONS = NO;
				ENABLE_STRICT_OBJC_MSGSEND = YES;
				GCC_C_LANGUAGE_STANDARD = gnu11;
				GCC_NO_COMMON_BLOCKS = YES;
				GCC_WARN_64_TO_32_BIT_CONVERSION = YES;
				GCC_WARN_ABOUT_RETURN_TYPE = YES_ERROR;
				GCC_WARN_UNDECLARED_SELECTOR = YES;
				GCC_WARN_UNINITIALIZED_AUTOS = YES_AGGRESSIVE;
				GCC_WARN_UNUSED_FUNCTION = YES;
				GCC_WARN_UNUSED_VARIABLE = YES;
				IPHONEOS_DEPLOYMENT_TARGET = 11.1;
				MTL_ENABLE_DEBUG_INFO = NO;
				SDKROOT = iphoneos;
				SWIFT_OPTIMIZATION_LEVEL = "-Owholemodule";
				VALIDATE_PRODUCT = YES;
			};
			name = Release;
		};
		049730F2215E3EC1005B4C61 /* Debug */ = {
			isa = XCBuildConfiguration;
			baseConfigurationReference = 0C3562AB9C9BB3D2CC8D86F9 /* Pods-QitaahTask.debug.xcconfig */;
			buildSettings = {
				ASSETCATALOG_COMPILER_APPICON_NAME = AppIcon;
				CODE_SIGN_STYLE = Automatic;
				DEVELOPMENT_TEAM = E3W9N3BZD6;
				INFOPLIST_FILE = QitaahTask/Info.plist;
				IPHONEOS_DEPLOYMENT_TARGET = 10.0;
				LD_RUNPATH_SEARCH_PATHS = "$(inherited) @executable_path/Frameworks";
				PRODUCT_BUNDLE_IDENTIFIER = com.QitaahTask.com.QitaahTask;
				PRODUCT_NAME = "$(TARGET_NAME)";
				SWIFT_VERSION = 4.0;
				TARGETED_DEVICE_FAMILY = "1,2";
			};
			name = Debug;
		};
		049730F3215E3EC1005B4C61 /* Release */ = {
			isa = XCBuildConfiguration;
			baseConfigurationReference = 9D0209C8AEDC6727B799319A /* Pods-QitaahTask.release.xcconfig */;
			buildSettings = {
				ASSETCATALOG_COMPILER_APPICON_NAME = AppIcon;
				CODE_SIGN_STYLE = Automatic;
				DEVELOPMENT_TEAM = E3W9N3BZD6;
				INFOPLIST_FILE = QitaahTask/Info.plist;
				IPHONEOS_DEPLOYMENT_TARGET = 10.0;
				LD_RUNPATH_SEARCH_PATHS = "$(inherited) @executable_path/Frameworks";
				PRODUCT_BUNDLE_IDENTIFIER = com.QitaahTask.com.QitaahTask;
				PRODUCT_NAME = "$(TARGET_NAME)";
				SWIFT_VERSION = 4.0;
				TARGETED_DEVICE_FAMILY = "1,2";
			};
			name = Release;
		};
/* End XCBuildConfiguration section */

/* Begin XCConfigurationList section */
		049730DA215E3EC1005B4C61 /* Build configuration list for PBXProject "QitaahTask" */ = {
			isa = XCConfigurationList;
			buildConfigurations = (
				049730EF215E3EC1005B4C61 /* Debug */,
				049730F0215E3EC1005B4C61 /* Release */,
			);
			defaultConfigurationIsVisible = 0;
			defaultConfigurationName = Release;
		};
		049730F1215E3EC1005B4C61 /* Build configuration list for PBXNativeTarget "QitaahTask" */ = {
			isa = XCConfigurationList;
			buildConfigurations = (
				049730F2215E3EC1005B4C61 /* Debug */,
				049730F3215E3EC1005B4C61 /* Release */,
			);
			defaultConfigurationIsVisible = 0;
			defaultConfigurationName = Release;
		};
/* End XCConfigurationList section */
	};
	rootObject = 049730D7215E3EC1005B4C61 /* Project object */;
}
